// !$*UTF8*$!
{
	archiveVersion = 1;
	classes = {
	};
	objectVersion = 55;
	objects = {

/* Begin PBXBuildFile section */
		FF3208B627DFDD9300E6D0A2 /* AppDelegate.swift in Sources */ = {isa = PBXBuildFile; fileRef = FF3208B527DFDD9300E6D0A2 /* AppDelegate.swift */; };
		FF3208BF27DFDD9400E6D0A2 /* Assets.xcassets in Resources */ = {isa = PBXBuildFile; fileRef = FF3208BE27DFDD9400E6D0A2 /* Assets.xcassets */; };
		FF3208C227DFDD9400E6D0A2 /* LaunchScreen.storyboard in Resources */ = {isa = PBXBuildFile; fileRef = FF3208C027DFDD9400E6D0A2 /* LaunchScreen.storyboard */; };
		FF3208CD27DFDD9500E6D0A2 /* FilesBrowserTests.swift in Sources */ = {isa = PBXBuildFile; fileRef = FF3208CC27DFDD9500E6D0A2 /* FilesBrowserTests.swift */; };
		FF3208D727DFDD9500E6D0A2 /* FilesBrowserUITests.swift in Sources */ = {isa = PBXBuildFile; fileRef = FF3208D627DFDD9500E6D0A2 /* FilesBrowserUITests.swift */; };
		FF3208D927DFDD9500E6D0A2 /* FilesBrowserUITestsLaunchTests.swift in Sources */ = {isa = PBXBuildFile; fileRef = FF3208D827DFDD9500E6D0A2 /* FilesBrowserUITestsLaunchTests.swift */; };
		FF3208F027DFE08200E6D0A2 /* FileManaging.swift in Sources */ = {isa = PBXBuildFile; fileRef = FF3208EF27DFE08200E6D0A2 /* FileManaging.swift */; };
		FF3208F227DFE0A700E6D0A2 /* FileManager + FileManaging.swift in Sources */ = {isa = PBXBuildFile; fileRef = FF3208F127DFE0A700E6D0A2 /* FileManager + FileManaging.swift */; };
		FF3208F527DFE0CF00E6D0A2 /* FilesManaging.swift in Sources */ = {isa = PBXBuildFile; fileRef = FF3208F427DFE0CF00E6D0A2 /* FilesManaging.swift */; };
		FF3208F727DFE1CB00E6D0A2 /* FilesManager.swift in Sources */ = {isa = PBXBuildFile; fileRef = FF3208F627DFE1CB00E6D0A2 /* FilesManager.swift */; };
		FF3208FC27DFE2A800E6D0A2 /* FileRepresentable.swift in Sources */ = {isa = PBXBuildFile; fileRef = FF3208FB27DFE2A800E6D0A2 /* FileRepresentable.swift */; };
		FF3208FE27DFE2BD00E6D0A2 /* FileContentRepresentable.swift in Sources */ = {isa = PBXBuildFile; fileRef = FF3208FD27DFE2BD00E6D0A2 /* FileContentRepresentable.swift */; };
		FF32090027DFE2CD00E6D0A2 /* FileDetailsRepresentable.swift in Sources */ = {isa = PBXBuildFile; fileRef = FF3208FF27DFE2CD00E6D0A2 /* FileDetailsRepresentable.swift */; };
		FF32090227DFE2DF00E6D0A2 /* MediaFileDetailsRepresentable.swift in Sources */ = {isa = PBXBuildFile; fileRef = FF32090127DFE2DF00E6D0A2 /* MediaFileDetailsRepresentable.swift */; };
		FF32090427DFE30300E6D0A2 /* TimeRepresentable.swift in Sources */ = {isa = PBXBuildFile; fileRef = FF32090327DFE30300E6D0A2 /* TimeRepresentable.swift */; };
		FF32090627DFE3FF00E6D0A2 /* File.swift in Sources */ = {isa = PBXBuildFile; fileRef = FF32090527DFE3FF00E6D0A2 /* File.swift */; };
		FF32090827DFE41200E6D0A2 /* FileContent.swift in Sources */ = {isa = PBXBuildFile; fileRef = FF32090727DFE41200E6D0A2 /* FileContent.swift */; };
		FF32090A27DFE42E00E6D0A2 /* FileDetails.swift in Sources */ = {isa = PBXBuildFile; fileRef = FF32090927DFE42E00E6D0A2 /* FileDetails.swift */; };
		FF32090C27DFE44200E6D0A2 /* MediaFileDetails.swift in Sources */ = {isa = PBXBuildFile; fileRef = FF32090B27DFE44200E6D0A2 /* MediaFileDetails.swift */; };
		FF32090E27DFE45900E6D0A2 /* FileExtension.swift in Sources */ = {isa = PBXBuildFile; fileRef = FF32090D27DFE45900E6D0A2 /* FileExtension.swift */; };
		FF32091027DFE4D100E6D0A2 /* FileType.swift in Sources */ = {isa = PBXBuildFile; fileRef = FF32090F27DFE4D100E6D0A2 /* FileType.swift */; };
		FF32091227DFE51A00E6D0A2 /* Time.swift in Sources */ = {isa = PBXBuildFile; fileRef = FF32091127DFE51A00E6D0A2 /* Time.swift */; };
		FF32091A27DFEACC00E6D0A2 /* DirectoryContentViewController.swift in Sources */ = {isa = PBXBuildFile; fileRef = FF32091827DFEACB00E6D0A2 /* DirectoryContentViewController.swift */; };
		FF32091B27DFEACC00E6D0A2 /* DirectoryContentViewController.xib in Resources */ = {isa = PBXBuildFile; fileRef = FF32091927DFEACC00E6D0A2 /* DirectoryContentViewController.xib */; };
		FF32091D27DFEB1100E6D0A2 /* DirectoryContentPresenter.swift in Sources */ = {isa = PBXBuildFile; fileRef = FF32091C27DFEB1100E6D0A2 /* DirectoryContentPresenter.swift */; };
		FF32091F27DFEB2A00E6D0A2 /* DirectoryContentPresenterProtocol.swift in Sources */ = {isa = PBXBuildFile; fileRef = FF32091E27DFEB2A00E6D0A2 /* DirectoryContentPresenterProtocol.swift */; };
		FF32092127DFEB4E00E6D0A2 /* DirectoryContentViewProtocol.swift in Sources */ = {isa = PBXBuildFile; fileRef = FF32092027DFEB4E00E6D0A2 /* DirectoryContentViewProtocol.swift */; };
		FF32092427DFED1A00E6D0A2 /* Collection.swift in Sources */ = {isa = PBXBuildFile; fileRef = FF32092327DFED1A00E6D0A2 /* Collection.swift */; };
		FF32092727DFED3500E6D0A2 /* UIView.swift in Sources */ = {isa = PBXBuildFile; fileRef = FF32092627DFED3500E6D0A2 /* UIView.swift */; };
		FF32092927DFED5400E6D0A2 /* UITableView.swift in Sources */ = {isa = PBXBuildFile; fileRef = FF32092827DFED5400E6D0A2 /* UITableView.swift */; };
		FF32092B27DFED7000E6D0A2 /* UIColor.swift in Sources */ = {isa = PBXBuildFile; fileRef = FF32092A27DFED7000E6D0A2 /* UIColor.swift */; };
		FF32093327DFEDDA00E6D0A2 /* Navigatable.swift in Sources */ = {isa = PBXBuildFile; fileRef = FF32092F27DFEDDA00E6D0A2 /* Navigatable.swift */; };
		FF32093427DFEDDA00E6D0A2 /* UIViewController + Navigator.swift in Sources */ = {isa = PBXBuildFile; fileRef = FF32093027DFEDDA00E6D0A2 /* UIViewController + Navigator.swift */; };
		FF32093527DFEDDA00E6D0A2 /* Navigator.swift in Sources */ = {isa = PBXBuildFile; fileRef = FF32093127DFEDDA00E6D0A2 /* Navigator.swift */; };
		FF32093627DFEDDA00E6D0A2 /* Router.swift in Sources */ = {isa = PBXBuildFile; fileRef = FF32093227DFEDDA00E6D0A2 /* Router.swift */; };
		FF32093827DFEE4400E6D0A2 /* FilesRouter.swift in Sources */ = {isa = PBXBuildFile; fileRef = FF32093727DFEE4400E6D0A2 /* FilesRouter.swift */; };
		FF32093D27DFEEB900E6D0A2 /* FileTableViewCell.swift in Sources */ = {isa = PBXBuildFile; fileRef = FF32093B27DFEEB900E6D0A2 /* FileTableViewCell.swift */; };
		FF32093E27DFEEB900E6D0A2 /* FileTableViewCell.xib in Resources */ = {isa = PBXBuildFile; fileRef = FF32093C27DFEEB900E6D0A2 /* FileTableViewCell.xib */; };
		FF32094227DFEF1000E6D0A2 /* FileAppearanceRepresentable.swift in Sources */ = {isa = PBXBuildFile; fileRef = FF32094127DFEF1000E6D0A2 /* FileAppearanceRepresentable.swift */; };
		FF32094427DFEF4000E6D0A2 /* FileType + FileAppearanceRepresentable.swift in Sources */ = {isa = PBXBuildFile; fileRef = FF32094327DFEF4000E6D0A2 /* FileType + FileAppearanceRepresentable.swift */; };
		FF32094627DFEF6A00E6D0A2 /* FileExtension + FileAppearanceRepresentable.swift in Sources */ = {isa = PBXBuildFile; fileRef = FF32094527DFEF6A00E6D0A2 /* FileExtension + FileAppearanceRepresentable.swift */; };
/* End PBXBuildFile section */

/* Begin PBXContainerItemProxy section */
		FF3208C927DFDD9500E6D0A2 /* PBXContainerItemProxy */ = {
			isa = PBXContainerItemProxy;
			containerPortal = FF3208AA27DFDD9300E6D0A2 /* Project object */;
			proxyType = 1;
			remoteGlobalIDString = FF3208B127DFDD9300E6D0A2;
			remoteInfo = FilesBrowser;
		};
		FF3208D327DFDD9500E6D0A2 /* PBXContainerItemProxy */ = {
			isa = PBXContainerItemProxy;
			containerPortal = FF3208AA27DFDD9300E6D0A2 /* Project object */;
			proxyType = 1;
			remoteGlobalIDString = FF3208B127DFDD9300E6D0A2;
			remoteInfo = FilesBrowser;
		};
/* End PBXContainerItemProxy section */

/* Begin PBXFileReference section */
		FF3208B227DFDD9300E6D0A2 /* FilesBrowser.app */ = {isa = PBXFileReference; explicitFileType = wrapper.application; includeInIndex = 0; path = FilesBrowser.app; sourceTree = BUILT_PRODUCTS_DIR; };
		FF3208B527DFDD9300E6D0A2 /* AppDelegate.swift */ = {isa = PBXFileReference; lastKnownFileType = sourcecode.swift; path = AppDelegate.swift; sourceTree = "<group>"; };
		FF3208BE27DFDD9400E6D0A2 /* Assets.xcassets */ = {isa = PBXFileReference; lastKnownFileType = folder.assetcatalog; path = Assets.xcassets; sourceTree = "<group>"; };
		FF3208C127DFDD9400E6D0A2 /* Base */ = {isa = PBXFileReference; lastKnownFileType = file.storyboard; name = Base; path = Base.lproj/LaunchScreen.storyboard; sourceTree = "<group>"; };
		FF3208C327DFDD9400E6D0A2 /* Info.plist */ = {isa = PBXFileReference; lastKnownFileType = text.plist.xml; path = Info.plist; sourceTree = "<group>"; };
		FF3208C827DFDD9500E6D0A2 /* FilesBrowserTests.xctest */ = {isa = PBXFileReference; explicitFileType = wrapper.cfbundle; includeInIndex = 0; path = FilesBrowserTests.xctest; sourceTree = BUILT_PRODUCTS_DIR; };
		FF3208CC27DFDD9500E6D0A2 /* FilesBrowserTests.swift */ = {isa = PBXFileReference; lastKnownFileType = sourcecode.swift; path = FilesBrowserTests.swift; sourceTree = "<group>"; };
		FF3208D227DFDD9500E6D0A2 /* FilesBrowserUITests.xctest */ = {isa = PBXFileReference; explicitFileType = wrapper.cfbundle; includeInIndex = 0; path = FilesBrowserUITests.xctest; sourceTree = BUILT_PRODUCTS_DIR; };
		FF3208D627DFDD9500E6D0A2 /* FilesBrowserUITests.swift */ = {isa = PBXFileReference; lastKnownFileType = sourcecode.swift; path = FilesBrowserUITests.swift; sourceTree = "<group>"; };
		FF3208D827DFDD9500E6D0A2 /* FilesBrowserUITestsLaunchTests.swift */ = {isa = PBXFileReference; lastKnownFileType = sourcecode.swift; path = FilesBrowserUITestsLaunchTests.swift; sourceTree = "<group>"; };
		FF3208EF27DFE08200E6D0A2 /* FileManaging.swift */ = {isa = PBXFileReference; lastKnownFileType = sourcecode.swift; path = FileManaging.swift; sourceTree = "<group>"; };
		FF3208F127DFE0A700E6D0A2 /* FileManager + FileManaging.swift */ = {isa = PBXFileReference; lastKnownFileType = sourcecode.swift; path = "FileManager + FileManaging.swift"; sourceTree = "<group>"; };
		FF3208F427DFE0CF00E6D0A2 /* FilesManaging.swift */ = {isa = PBXFileReference; lastKnownFileType = sourcecode.swift; path = FilesManaging.swift; sourceTree = "<group>"; };
		FF3208F627DFE1CB00E6D0A2 /* FilesManager.swift */ = {isa = PBXFileReference; lastKnownFileType = sourcecode.swift; path = FilesManager.swift; sourceTree = "<group>"; };
		FF3208FB27DFE2A800E6D0A2 /* FileRepresentable.swift */ = {isa = PBXFileReference; lastKnownFileType = sourcecode.swift; path = FileRepresentable.swift; sourceTree = "<group>"; };
		FF3208FD27DFE2BD00E6D0A2 /* FileContentRepresentable.swift */ = {isa = PBXFileReference; lastKnownFileType = sourcecode.swift; path = FileContentRepresentable.swift; sourceTree = "<group>"; };
		FF3208FF27DFE2CD00E6D0A2 /* FileDetailsRepresentable.swift */ = {isa = PBXFileReference; lastKnownFileType = sourcecode.swift; path = FileDetailsRepresentable.swift; sourceTree = "<group>"; };
		FF32090127DFE2DF00E6D0A2 /* MediaFileDetailsRepresentable.swift */ = {isa = PBXFileReference; lastKnownFileType = sourcecode.swift; path = MediaFileDetailsRepresentable.swift; sourceTree = "<group>"; };
		FF32090327DFE30300E6D0A2 /* TimeRepresentable.swift */ = {isa = PBXFileReference; lastKnownFileType = sourcecode.swift; path = TimeRepresentable.swift; sourceTree = "<group>"; };
		FF32090527DFE3FF00E6D0A2 /* File.swift */ = {isa = PBXFileReference; lastKnownFileType = sourcecode.swift; path = File.swift; sourceTree = "<group>"; };
		FF32090727DFE41200E6D0A2 /* FileContent.swift */ = {isa = PBXFileReference; lastKnownFileType = sourcecode.swift; path = FileContent.swift; sourceTree = "<group>"; };
		FF32090927DFE42E00E6D0A2 /* FileDetails.swift */ = {isa = PBXFileReference; lastKnownFileType = sourcecode.swift; path = FileDetails.swift; sourceTree = "<group>"; };
		FF32090B27DFE44200E6D0A2 /* MediaFileDetails.swift */ = {isa = PBXFileReference; lastKnownFileType = sourcecode.swift; path = MediaFileDetails.swift; sourceTree = "<group>"; };
		FF32090D27DFE45900E6D0A2 /* FileExtension.swift */ = {isa = PBXFileReference; lastKnownFileType = sourcecode.swift; path = FileExtension.swift; sourceTree = "<group>"; };
		FF32090F27DFE4D100E6D0A2 /* FileType.swift */ = {isa = PBXFileReference; lastKnownFileType = sourcecode.swift; path = FileType.swift; sourceTree = "<group>"; };
		FF32091127DFE51A00E6D0A2 /* Time.swift */ = {isa = PBXFileReference; lastKnownFileType = sourcecode.swift; path = Time.swift; sourceTree = "<group>"; };
		FF32091827DFEACB00E6D0A2 /* DirectoryContentViewController.swift */ = {isa = PBXFileReference; fileEncoding = 4; lastKnownFileType = sourcecode.swift; path = DirectoryContentViewController.swift; sourceTree = "<group>"; };
		FF32091927DFEACC00E6D0A2 /* DirectoryContentViewController.xib */ = {isa = PBXFileReference; fileEncoding = 4; lastKnownFileType = file.xib; path = DirectoryContentViewController.xib; sourceTree = "<group>"; };
		FF32091C27DFEB1100E6D0A2 /* DirectoryContentPresenter.swift */ = {isa = PBXFileReference; lastKnownFileType = sourcecode.swift; path = DirectoryContentPresenter.swift; sourceTree = "<group>"; };
		FF32091E27DFEB2A00E6D0A2 /* DirectoryContentPresenterProtocol.swift */ = {isa = PBXFileReference; lastKnownFileType = sourcecode.swift; path = DirectoryContentPresenterProtocol.swift; sourceTree = "<group>"; };
		FF32092027DFEB4E00E6D0A2 /* DirectoryContentViewProtocol.swift */ = {isa = PBXFileReference; lastKnownFileType = sourcecode.swift; path = DirectoryContentViewProtocol.swift; sourceTree = "<group>"; };
		FF32092327DFED1A00E6D0A2 /* Collection.swift */ = {isa = PBXFileReference; lastKnownFileType = sourcecode.swift; path = Collection.swift; sourceTree = "<group>"; };
		FF32092627DFED3500E6D0A2 /* UIView.swift */ = {isa = PBXFileReference; lastKnownFileType = sourcecode.swift; path = UIView.swift; sourceTree = "<group>"; };
		FF32092827DFED5400E6D0A2 /* UITableView.swift */ = {isa = PBXFileReference; lastKnownFileType = sourcecode.swift; path = UITableView.swift; sourceTree = "<group>"; };
		FF32092A27DFED7000E6D0A2 /* UIColor.swift */ = {isa = PBXFileReference; lastKnownFileType = sourcecode.swift; path = UIColor.swift; sourceTree = "<group>"; };
		FF32092F27DFEDDA00E6D0A2 /* Navigatable.swift */ = {isa = PBXFileReference; fileEncoding = 4; lastKnownFileType = sourcecode.swift; path = Navigatable.swift; sourceTree = "<group>"; };
		FF32093027DFEDDA00E6D0A2 /* UIViewController + Navigator.swift */ = {isa = PBXFileReference; fileEncoding = 4; lastKnownFileType = sourcecode.swift; path = "UIViewController + Navigator.swift"; sourceTree = "<group>"; };
		FF32093127DFEDDA00E6D0A2 /* Navigator.swift */ = {isa = PBXFileReference; fileEncoding = 4; lastKnownFileType = sourcecode.swift; path = Navigator.swift; sourceTree = "<group>"; };
		FF32093227DFEDDA00E6D0A2 /* Router.swift */ = {isa = PBXFileReference; fileEncoding = 4; lastKnownFileType = sourcecode.swift; path = Router.swift; sourceTree = "<group>"; };
		FF32093727DFEE4400E6D0A2 /* FilesRouter.swift */ = {isa = PBXFileReference; lastKnownFileType = sourcecode.swift; path = FilesRouter.swift; sourceTree = "<group>"; };
		FF32093B27DFEEB900E6D0A2 /* FileTableViewCell.swift */ = {isa = PBXFileReference; fileEncoding = 4; lastKnownFileType = sourcecode.swift; path = FileTableViewCell.swift; sourceTree = "<group>"; };
		FF32093C27DFEEB900E6D0A2 /* FileTableViewCell.xib */ = {isa = PBXFileReference; fileEncoding = 4; lastKnownFileType = file.xib; path = FileTableViewCell.xib; sourceTree = "<group>"; };
		FF32094127DFEF1000E6D0A2 /* FileAppearanceRepresentable.swift */ = {isa = PBXFileReference; lastKnownFileType = sourcecode.swift; path = FileAppearanceRepresentable.swift; sourceTree = "<group>"; };
		FF32094327DFEF4000E6D0A2 /* FileType + FileAppearanceRepresentable.swift */ = {isa = PBXFileReference; lastKnownFileType = sourcecode.swift; path = "FileType + FileAppearanceRepresentable.swift"; sourceTree = "<group>"; };
		FF32094527DFEF6A00E6D0A2 /* FileExtension + FileAppearanceRepresentable.swift */ = {isa = PBXFileReference; lastKnownFileType = sourcecode.swift; path = "FileExtension + FileAppearanceRepresentable.swift"; sourceTree = "<group>"; };
/* End PBXFileReference section */

/* Begin PBXFrameworksBuildPhase section */
		FF3208AF27DFDD9300E6D0A2 /* Frameworks */ = {
			isa = PBXFrameworksBuildPhase;
			buildActionMask = 2147483647;
			files = (
			);
			runOnlyForDeploymentPostprocessing = 0;
		};
		FF3208C527DFDD9500E6D0A2 /* Frameworks */ = {
			isa = PBXFrameworksBuildPhase;
			buildActionMask = 2147483647;
			files = (
			);
			runOnlyForDeploymentPostprocessing = 0;
		};
		FF3208CF27DFDD9500E6D0A2 /* Frameworks */ = {
			isa = PBXFrameworksBuildPhase;
			buildActionMask = 2147483647;
			files = (
			);
			runOnlyForDeploymentPostprocessing = 0;
		};
/* End PBXFrameworksBuildPhase section */

/* Begin PBXGroup section */
		FF3208A927DFDD9300E6D0A2 = {
			isa = PBXGroup;
			children = (
				FF3208B427DFDD9300E6D0A2 /* FilesBrowser */,
				FF3208CB27DFDD9500E6D0A2 /* FilesBrowserTests */,
				FF3208D527DFDD9500E6D0A2 /* FilesBrowserUITests */,
				FF3208B327DFDD9300E6D0A2 /* Products */,
			);
			sourceTree = "<group>";
		};
		FF3208B327DFDD9300E6D0A2 /* Products */ = {
			isa = PBXGroup;
			children = (
				FF3208B227DFDD9300E6D0A2 /* FilesBrowser.app */,
				FF3208C827DFDD9500E6D0A2 /* FilesBrowserTests.xctest */,
				FF3208D227DFDD9500E6D0A2 /* FilesBrowserUITests.xctest */,
			);
			name = Products;
			sourceTree = "<group>";
		};
		FF3208B427DFDD9300E6D0A2 /* FilesBrowser */ = {
			isa = PBXGroup;
			children = (
				FF3208E527DFDDC400E6D0A2 /* App */,
				FF3208E627DFDDC800E6D0A2 /* Resources */,
				FF3208E727DFDDDC00E6D0A2 /* Configurations */,
				FF3208EC27DFDE5E00E6D0A2 /* Services */,
				FF3208EA27DFDE4C00E6D0A2 /* Core */,
				FF3208E827DFDE0300E6D0A2 /* Modules */,
			);
			path = FilesBrowser;
			sourceTree = "<group>";
		};
		FF3208CB27DFDD9500E6D0A2 /* FilesBrowserTests */ = {
			isa = PBXGroup;
			children = (
				FF3208CC27DFDD9500E6D0A2 /* FilesBrowserTests.swift */,
			);
			path = FilesBrowserTests;
			sourceTree = "<group>";
		};
		FF3208D527DFDD9500E6D0A2 /* FilesBrowserUITests */ = {
			isa = PBXGroup;
			children = (
				FF3208D627DFDD9500E6D0A2 /* FilesBrowserUITests.swift */,
				FF3208D827DFDD9500E6D0A2 /* FilesBrowserUITestsLaunchTests.swift */,
			);
			path = FilesBrowserUITests;
			sourceTree = "<group>";
		};
		FF3208E527DFDDC400E6D0A2 /* App */ = {
			isa = PBXGroup;
			children = (
				FF3208B527DFDD9300E6D0A2 /* AppDelegate.swift */,
			);
			path = App;
			sourceTree = "<group>";
		};
		FF3208E627DFDDC800E6D0A2 /* Resources */ = {
			isa = PBXGroup;
			children = (
				FF3208BE27DFDD9400E6D0A2 /* Assets.xcassets */,
			);
			path = Resources;
			sourceTree = "<group>";
		};
		FF3208E727DFDDDC00E6D0A2 /* Configurations */ = {
			isa = PBXGroup;
			children = (
				FF3208C327DFDD9400E6D0A2 /* Info.plist */,
			);
			path = Configurations;
			sourceTree = "<group>";
		};
		FF3208E827DFDE0300E6D0A2 /* Modules */ = {
			isa = PBXGroup;
			children = (
				FF3208E927DFDE0B00E6D0A2 /* Launch Screen */,
				FF32091327DFEA2D00E6D0A2 /* Directory Content */,
			);
			path = Modules;
			sourceTree = "<group>";
		};
		FF3208E927DFDE0B00E6D0A2 /* Launch Screen */ = {
			isa = PBXGroup;
			children = (
				FF3208C027DFDD9400E6D0A2 /* LaunchScreen.storyboard */,
			);
			path = "Launch Screen";
			sourceTree = "<group>";
		};
		FF3208EA27DFDE4C00E6D0A2 /* Core */ = {
			isa = PBXGroup;
			children = (
				FF32092D27DFEDC200E6D0A2 /* Utilities */,
				FF3208EB27DFDE5800E6D0A2 /* Extensions */,
			);
			path = Core;
			sourceTree = "<group>";
		};
		FF3208EB27DFDE5800E6D0A2 /* Extensions */ = {
			isa = PBXGroup;
			children = (
				FF32092527DFED2A00E6D0A2 /* UIKit */,
				FF32092227DFED0D00E6D0A2 /* Foundation */,
			);
			path = Extensions;
			sourceTree = "<group>";
		};
		FF3208EC27DFDE5E00E6D0A2 /* Services */ = {
			isa = PBXGroup;
			children = (
				FF3208ED27DFDE6300E6D0A2 /* Local */,
			);
			path = Services;
			sourceTree = "<group>";
		};
		FF3208ED27DFDE6300E6D0A2 /* Local */ = {
			isa = PBXGroup;
			children = (
				FF3208F827DFE22000E6D0A2 /* Shared */,
				FF3208EE27DFE07600E6D0A2 /* File Manager */,
				FF3208F327DFE0B800E6D0A2 /* Files Manager */,
			);
			path = Local;
			sourceTree = "<group>";
		};
		FF3208EE27DFE07600E6D0A2 /* File Manager */ = {
			isa = PBXGroup;
			children = (
				FF3208EF27DFE08200E6D0A2 /* FileManaging.swift */,
				FF3208F127DFE0A700E6D0A2 /* FileManager + FileManaging.swift */,
			);
			path = "File Manager";
			sourceTree = "<group>";
		};
		FF3208F327DFE0B800E6D0A2 /* Files Manager */ = {
			isa = PBXGroup;
			children = (
				FF3208F427DFE0CF00E6D0A2 /* FilesManaging.swift */,
				FF3208F627DFE1CB00E6D0A2 /* FilesManager.swift */,
			);
			path = "Files Manager";
			sourceTree = "<group>";
		};
		FF3208F827DFE22000E6D0A2 /* Shared */ = {
			isa = PBXGroup;
			children = (
				FF3208F927DFE22600E6D0A2 /* Protocols */,
				FF3208FA27DFE23300E6D0A2 /* Models */,
			);
			path = Shared;
			sourceTree = "<group>";
		};
		FF3208F927DFE22600E6D0A2 /* Protocols */ = {
			isa = PBXGroup;
			children = (
				FF3208FB27DFE2A800E6D0A2 /* FileRepresentable.swift */,
				FF3208FD27DFE2BD00E6D0A2 /* FileContentRepresentable.swift */,
				FF3208FF27DFE2CD00E6D0A2 /* FileDetailsRepresentable.swift */,
				FF32090127DFE2DF00E6D0A2 /* MediaFileDetailsRepresentable.swift */,
				FF32090327DFE30300E6D0A2 /* TimeRepresentable.swift */,
			);
			path = Protocols;
			sourceTree = "<group>";
		};
		FF3208FA27DFE23300E6D0A2 /* Models */ = {
			isa = PBXGroup;
			children = (
				FF32090527DFE3FF00E6D0A2 /* File.swift */,
				FF32091127DFE51A00E6D0A2 /* Time.swift */,
				FF32090D27DFE45900E6D0A2 /* FileExtension.swift */,
				FF32090F27DFE4D100E6D0A2 /* FileType.swift */,
				FF32090727DFE41200E6D0A2 /* FileContent.swift */,
				FF32090927DFE42E00E6D0A2 /* FileDetails.swift */,
				FF32090B27DFE44200E6D0A2 /* MediaFileDetails.swift */,
			);
			path = Models;
			sourceTree = "<group>";
		};
		FF32091327DFEA2D00E6D0A2 /* Directory Content */ = {
			isa = PBXGroup;
			children = (
				FF32093F27DFEF0100E6D0A2 /* Shared */,
				FF32091627DFEA8E00E6D0A2 /* Router */,
				FF32091527DFEA8800E6D0A2 /* Presenter */,
				FF32091427DFEA8400E6D0A2 /* View */,
			);
			path = "Directory Content";
			sourceTree = "<group>";
		};
		FF32091427DFEA8400E6D0A2 /* View */ = {
			isa = PBXGroup;
			children = (
				FF32093927DFEEA100E6D0A2 /* Cells */,
				FF32091727DFEA9600E6D0A2 /* Controller */,
			);
			path = View;
			sourceTree = "<group>";
		};
		FF32091527DFEA8800E6D0A2 /* Presenter */ = {
			isa = PBXGroup;
			children = (
				FF32091E27DFEB2A00E6D0A2 /* DirectoryContentPresenterProtocol.swift */,
				FF32091C27DFEB1100E6D0A2 /* DirectoryContentPresenter.swift */,
			);
			path = Presenter;
			sourceTree = "<group>";
		};
		FF32091627DFEA8E00E6D0A2 /* Router */ = {
			isa = PBXGroup;
			children = (
				FF32093727DFEE4400E6D0A2 /* FilesRouter.swift */,
			);
			path = Router;
			sourceTree = "<group>";
		};
		FF32091727DFEA9600E6D0A2 /* Controller */ = {
			isa = PBXGroup;
			children = (
				FF32092027DFEB4E00E6D0A2 /* DirectoryContentViewProtocol.swift */,
				FF32091827DFEACB00E6D0A2 /* DirectoryContentViewController.swift */,
				FF32091927DFEACC00E6D0A2 /* DirectoryContentViewController.xib */,
			);
			path = Controller;
			sourceTree = "<group>";
		};
		FF32092227DFED0D00E6D0A2 /* Foundation */ = {
			isa = PBXGroup;
			children = (
				FF32092327DFED1A00E6D0A2 /* Collection.swift */,
			);
			path = Foundation;
			sourceTree = "<group>";
		};
		FF32092527DFED2A00E6D0A2 /* UIKit */ = {
			isa = PBXGroup;
			children = (
				FF32092627DFED3500E6D0A2 /* UIView.swift */,
				FF32092827DFED5400E6D0A2 /* UITableView.swift */,
				FF32092A27DFED7000E6D0A2 /* UIColor.swift */,
			);
			path = UIKit;
			sourceTree = "<group>";
		};
		FF32092C27DFEDA800E6D0A2 /* Models */ = {
			isa = PBXGroup;
			children = (
				FF32094327DFEF4000E6D0A2 /* FileType + FileAppearanceRepresentable.swift */,
				FF32094527DFEF6A00E6D0A2 /* FileExtension + FileAppearanceRepresentable.swift */,
			);
			path = Models;
			sourceTree = "<group>";
		};
		FF32092D27DFEDC200E6D0A2 /* Utilities */ = {
			isa = PBXGroup;
			children = (
				FF32092E27DFEDC600E6D0A2 /* Navigator */,
			);
			path = Utilities;
			sourceTree = "<group>";
		};
		FF32092E27DFEDC600E6D0A2 /* Navigator */ = {
			isa = PBXGroup;
			children = (
				FF32092F27DFEDDA00E6D0A2 /* Navigatable.swift */,
				FF32093127DFEDDA00E6D0A2 /* Navigator.swift */,
				FF32093227DFEDDA00E6D0A2 /* Router.swift */,
				FF32093027DFEDDA00E6D0A2 /* UIViewController + Navigator.swift */,
			);
			path = Navigator;
			sourceTree = "<group>";
		};
		FF32093927DFEEA100E6D0A2 /* Cells */ = {
			isa = PBXGroup;
			children = (
				FF32093A27DFEEA900E6D0A2 /* FileTableViewCell */,
			);
			path = Cells;
			sourceTree = "<group>";
		};
		FF32093A27DFEEA900E6D0A2 /* FileTableViewCell */ = {
			isa = PBXGroup;
			children = (
				FF32093B27DFEEB900E6D0A2 /* FileTableViewCell.swift */,
				FF32093C27DFEEB900E6D0A2 /* FileTableViewCell.xib */,
			);
			path = FileTableViewCell;
			sourceTree = "<group>";
		};
		FF32093F27DFEF0100E6D0A2 /* Shared */ = {
			isa = PBXGroup;
			children = (
				FF32094027DFEF0600E6D0A2 /* Protocols */,
				FF32092C27DFEDA800E6D0A2 /* Models */,
			);
			path = Shared;
			sourceTree = "<group>";
		};
		FF32094027DFEF0600E6D0A2 /* Protocols */ = {
			isa = PBXGroup;
			children = (
				FF32094127DFEF1000E6D0A2 /* FileAppearanceRepresentable.swift */,
			);
			path = Protocols;
			sourceTree = "<group>";
		};
/* End PBXGroup section */

/* Begin PBXNativeTarget section */
		FF3208B127DFDD9300E6D0A2 /* FilesBrowser */ = {
			isa = PBXNativeTarget;
			buildConfigurationList = FF3208DC27DFDD9500E6D0A2 /* Build configuration list for PBXNativeTarget "FilesBrowser" */;
			buildPhases = (
				FF3208AE27DFDD9300E6D0A2 /* Sources */,
				FF3208AF27DFDD9300E6D0A2 /* Frameworks */,
				FF3208B027DFDD9300E6D0A2 /* Resources */,
			);
			buildRules = (
			);
			dependencies = (
			);
			name = FilesBrowser;
			productName = FilesBrowser;
			productReference = FF3208B227DFDD9300E6D0A2 /* FilesBrowser.app */;
			productType = "com.apple.product-type.application";
		};
		FF3208C727DFDD9500E6D0A2 /* FilesBrowserTests */ = {
			isa = PBXNativeTarget;
			buildConfigurationList = FF3208DF27DFDD9500E6D0A2 /* Build configuration list for PBXNativeTarget "FilesBrowserTests" */;
			buildPhases = (
				FF3208C427DFDD9500E6D0A2 /* Sources */,
				FF3208C527DFDD9500E6D0A2 /* Frameworks */,
				FF3208C627DFDD9500E6D0A2 /* Resources */,
			);
			buildRules = (
			);
			dependencies = (
				FF3208CA27DFDD9500E6D0A2 /* PBXTargetDependency */,
			);
			name = FilesBrowserTests;
			productName = FilesBrowserTests;
			productReference = FF3208C827DFDD9500E6D0A2 /* FilesBrowserTests.xctest */;
			productType = "com.apple.product-type.bundle.unit-test";
		};
		FF3208D127DFDD9500E6D0A2 /* FilesBrowserUITests */ = {
			isa = PBXNativeTarget;
			buildConfigurationList = FF3208E227DFDD9500E6D0A2 /* Build configuration list for PBXNativeTarget "FilesBrowserUITests" */;
			buildPhases = (
				FF3208CE27DFDD9500E6D0A2 /* Sources */,
				FF3208CF27DFDD9500E6D0A2 /* Frameworks */,
				FF3208D027DFDD9500E6D0A2 /* Resources */,
			);
			buildRules = (
			);
			dependencies = (
				FF3208D427DFDD9500E6D0A2 /* PBXTargetDependency */,
			);
			name = FilesBrowserUITests;
			productName = FilesBrowserUITests;
			productReference = FF3208D227DFDD9500E6D0A2 /* FilesBrowserUITests.xctest */;
			productType = "com.apple.product-type.bundle.ui-testing";
		};
/* End PBXNativeTarget section */

/* Begin PBXProject section */
		FF3208AA27DFDD9300E6D0A2 /* Project object */ = {
			isa = PBXProject;
			attributes = {
				BuildIndependentTargetsInParallel = 1;
				LastSwiftUpdateCheck = 1320;
				LastUpgradeCheck = 1320;
				ORGANIZATIONNAME = "Mohamed Shemy";
				TargetAttributes = {
					FF3208B127DFDD9300E6D0A2 = {
						CreatedOnToolsVersion = 13.2.1;
					};
					FF3208C727DFDD9500E6D0A2 = {
						CreatedOnToolsVersion = 13.2.1;
						TestTargetID = FF3208B127DFDD9300E6D0A2;
					};
					FF3208D127DFDD9500E6D0A2 = {
						CreatedOnToolsVersion = 13.2.1;
						TestTargetID = FF3208B127DFDD9300E6D0A2;
					};
				};
			};
			buildConfigurationList = FF3208AD27DFDD9300E6D0A2 /* Build configuration list for PBXProject "FilesBrowser" */;
			compatibilityVersion = "Xcode 13.0";
			developmentRegion = en;
			hasScannedForEncodings = 0;
			knownRegions = (
				en,
				Base,
			);
			mainGroup = FF3208A927DFDD9300E6D0A2;
			productRefGroup = FF3208B327DFDD9300E6D0A2 /* Products */;
			projectDirPath = "";
			projectRoot = "";
			targets = (
				FF3208B127DFDD9300E6D0A2 /* FilesBrowser */,
				FF3208C727DFDD9500E6D0A2 /* FilesBrowserTests */,
				FF3208D127DFDD9500E6D0A2 /* FilesBrowserUITests */,
			);
		};
/* End PBXProject section */

/* Begin PBXResourcesBuildPhase section */
		FF3208B027DFDD9300E6D0A2 /* Resources */ = {
			isa = PBXResourcesBuildPhase;
			buildActionMask = 2147483647;
			files = (
				FF3208C227DFDD9400E6D0A2 /* LaunchScreen.storyboard in Resources */,
				FF32093E27DFEEB900E6D0A2 /* FileTableViewCell.xib in Resources */,
				FF3208BF27DFDD9400E6D0A2 /* Assets.xcassets in Resources */,
				FF32091B27DFEACC00E6D0A2 /* DirectoryContentViewController.xib in Resources */,
			);
			runOnlyForDeploymentPostprocessing = 0;
		};
		FF3208C627DFDD9500E6D0A2 /* Resources */ = {
			isa = PBXResourcesBuildPhase;
			buildActionMask = 2147483647;
			files = (
			);
			runOnlyForDeploymentPostprocessing = 0;
		};
		FF3208D027DFDD9500E6D0A2 /* Resources */ = {
			isa = PBXResourcesBuildPhase;
			buildActionMask = 2147483647;
			files = (
			);
			runOnlyForDeploymentPostprocessing = 0;
		};
/* End PBXResourcesBuildPhase section */

/* Begin PBXSourcesBuildPhase section */
		FF3208AE27DFDD9300E6D0A2 /* Sources */ = {
			isa = PBXSourcesBuildPhase;
			buildActionMask = 2147483647;
			files = (
				FF32091D27DFEB1100E6D0A2 /* DirectoryContentPresenter.swift in Sources */,
				FF3208F227DFE0A700E6D0A2 /* FileManager + FileManaging.swift in Sources */,
				FF3208F727DFE1CB00E6D0A2 /* FilesManager.swift in Sources */,
				FF3208B627DFDD9300E6D0A2 /* AppDelegate.swift in Sources */,
				FF32093427DFEDDA00E6D0A2 /* UIViewController + Navigator.swift in Sources */,
				FF32090027DFE2CD00E6D0A2 /* FileDetailsRepresentable.swift in Sources */,
				FF32092927DFED5400E6D0A2 /* UITableView.swift in Sources */,
				FF3208F027DFE08200E6D0A2 /* FileManaging.swift in Sources */,
				FF32094227DFEF1000E6D0A2 /* FileAppearanceRepresentable.swift in Sources */,
				FF32091227DFE51A00E6D0A2 /* Time.swift in Sources */,
				FF32092727DFED3500E6D0A2 /* UIView.swift in Sources */,
				FF32093827DFEE4400E6D0A2 /* FilesRouter.swift in Sources */,
				FF32092427DFED1A00E6D0A2 /* Collection.swift in Sources */,
				FF32090C27DFE44200E6D0A2 /* MediaFileDetails.swift in Sources */,
				FF32091F27DFEB2A00E6D0A2 /* DirectoryContentPresenterProtocol.swift in Sources */,
				FF32090E27DFE45900E6D0A2 /* FileExtension.swift in Sources */,
				FF32090A27DFE42E00E6D0A2 /* FileDetails.swift in Sources */,
				FF3208FE27DFE2BD00E6D0A2 /* FileContentRepresentable.swift in Sources */,
				FF3208F527DFE0CF00E6D0A2 /* FilesManaging.swift in Sources */,
				FF32092127DFEB4E00E6D0A2 /* DirectoryContentViewProtocol.swift in Sources */,
				FF32090827DFE41200E6D0A2 /* FileContent.swift in Sources */,
				FF32093D27DFEEB900E6D0A2 /* FileTableViewCell.swift in Sources */,
				FF32091A27DFEACC00E6D0A2 /* DirectoryContentViewController.swift in Sources */,
				FF32094427DFEF4000E6D0A2 /* FileType + FileAppearanceRepresentable.swift in Sources */,
				FF32092B27DFED7000E6D0A2 /* UIColor.swift in Sources */,
				FF32093627DFEDDA00E6D0A2 /* Router.swift in Sources */,
				FF32093527DFEDDA00E6D0A2 /* Navigator.swift in Sources */,
				FF32093327DFEDDA00E6D0A2 /* Navigatable.swift in Sources */,
				FF32091027DFE4D100E6D0A2 /* FileType.swift in Sources */,
				FF32090427DFE30300E6D0A2 /* TimeRepresentable.swift in Sources */,
				FF32094627DFEF6A00E6D0A2 /* FileExtension + FileAppearanceRepresentable.swift in Sources */,
				FF32090227DFE2DF00E6D0A2 /* MediaFileDetailsRepresentable.swift in Sources */,
				FF32090627DFE3FF00E6D0A2 /* File.swift in Sources */,
				FF3208FC27DFE2A800E6D0A2 /* FileRepresentable.swift in Sources */,
			);
			runOnlyForDeploymentPostprocessing = 0;
		};
		FF3208C427DFDD9500E6D0A2 /* Sources */ = {
			isa = PBXSourcesBuildPhase;
			buildActionMask = 2147483647;
			files = (
				FF3208CD27DFDD9500E6D0A2 /* FilesBrowserTests.swift in Sources */,
			);
			runOnlyForDeploymentPostprocessing = 0;
		};
		FF3208CE27DFDD9500E6D0A2 /* Sources */ = {
			isa = PBXSourcesBuildPhase;
			buildActionMask = 2147483647;
			files = (
				FF3208D727DFDD9500E6D0A2 /* FilesBrowserUITests.swift in Sources */,
				FF3208D927DFDD9500E6D0A2 /* FilesBrowserUITestsLaunchTests.swift in Sources */,
			);
			runOnlyForDeploymentPostprocessing = 0;
		};
/* End PBXSourcesBuildPhase section */

/* Begin PBXTargetDependency section */
		FF3208CA27DFDD9500E6D0A2 /* PBXTargetDependency */ = {
			isa = PBXTargetDependency;
			target = FF3208B127DFDD9300E6D0A2 /* FilesBrowser */;
			targetProxy = FF3208C927DFDD9500E6D0A2 /* PBXContainerItemProxy */;
		};
		FF3208D427DFDD9500E6D0A2 /* PBXTargetDependency */ = {
			isa = PBXTargetDependency;
			target = FF3208B127DFDD9300E6D0A2 /* FilesBrowser */;
			targetProxy = FF3208D327DFDD9500E6D0A2 /* PBXContainerItemProxy */;
		};
/* End PBXTargetDependency section */

/* Begin PBXVariantGroup section */
		FF3208C027DFDD9400E6D0A2 /* LaunchScreen.storyboard */ = {
			isa = PBXVariantGroup;
			children = (
				FF3208C127DFDD9400E6D0A2 /* Base */,
			);
			name = LaunchScreen.storyboard;
			sourceTree = "<group>";
		};
/* End PBXVariantGroup section */

/* Begin XCBuildConfiguration section */
		FF3208DA27DFDD9500E6D0A2 /* Debug */ = {
			isa = XCBuildConfiguration;
			buildSettings = {
				ALWAYS_SEARCH_USER_PATHS = NO;
				CLANG_ANALYZER_NONNULL = YES;
				CLANG_ANALYZER_NUMBER_OBJECT_CONVERSION = YES_AGGRESSIVE;
				CLANG_CXX_LANGUAGE_STANDARD = "gnu++17";
				CLANG_CXX_LIBRARY = "libc++";
				CLANG_ENABLE_MODULES = YES;
				CLANG_ENABLE_OBJC_ARC = YES;
				CLANG_ENABLE_OBJC_WEAK = YES;
				CLANG_WARN_BLOCK_CAPTURE_AUTORELEASING = YES;
				CLANG_WARN_BOOL_CONVERSION = YES;
				CLANG_WARN_COMMA = YES;
				CLANG_WARN_CONSTANT_CONVERSION = YES;
				CLANG_WARN_DEPRECATED_OBJC_IMPLEMENTATIONS = YES;
				CLANG_WARN_DIRECT_OBJC_ISA_USAGE = YES_ERROR;
				CLANG_WARN_DOCUMENTATION_COMMENTS = YES;
				CLANG_WARN_EMPTY_BODY = YES;
				CLANG_WARN_ENUM_CONVERSION = YES;
				CLANG_WARN_INFINITE_RECURSION = YES;
				CLANG_WARN_INT_CONVERSION = YES;
				CLANG_WARN_NON_LITERAL_NULL_CONVERSION = YES;
				CLANG_WARN_OBJC_IMPLICIT_RETAIN_SELF = YES;
				CLANG_WARN_OBJC_LITERAL_CONVERSION = YES;
				CLANG_WARN_OBJC_ROOT_CLASS = YES_ERROR;
				CLANG_WARN_QUOTED_INCLUDE_IN_FRAMEWORK_HEADER = YES;
				CLANG_WARN_RANGE_LOOP_ANALYSIS = YES;
				CLANG_WARN_STRICT_PROTOTYPES = YES;
				CLANG_WARN_SUSPICIOUS_MOVE = YES;
				CLANG_WARN_UNGUARDED_AVAILABILITY = YES_AGGRESSIVE;
				CLANG_WARN_UNREACHABLE_CODE = YES;
				CLANG_WARN__DUPLICATE_METHOD_MATCH = YES;
				COPY_PHASE_STRIP = NO;
				DEBUG_INFORMATION_FORMAT = dwarf;
				ENABLE_STRICT_OBJC_MSGSEND = YES;
				ENABLE_TESTABILITY = YES;
				GCC_C_LANGUAGE_STANDARD = gnu11;
				GCC_DYNAMIC_NO_PIC = NO;
				GCC_NO_COMMON_BLOCKS = YES;
				GCC_OPTIMIZATION_LEVEL = 0;
				GCC_PREPROCESSOR_DEFINITIONS = (
					"DEBUG=1",
					"$(inherited)",
				);
				GCC_WARN_64_TO_32_BIT_CONVERSION = YES;
				GCC_WARN_ABOUT_RETURN_TYPE = YES_ERROR;
				GCC_WARN_UNDECLARED_SELECTOR = YES;
				GCC_WARN_UNINITIALIZED_AUTOS = YES_AGGRESSIVE;
				GCC_WARN_UNUSED_FUNCTION = YES;
				GCC_WARN_UNUSED_VARIABLE = YES;
				IPHONEOS_DEPLOYMENT_TARGET = 15.2;
				MTL_ENABLE_DEBUG_INFO = INCLUDE_SOURCE;
				MTL_FAST_MATH = YES;
				ONLY_ACTIVE_ARCH = YES;
				SDKROOT = iphoneos;
				SWIFT_ACTIVE_COMPILATION_CONDITIONS = DEBUG;
				SWIFT_OPTIMIZATION_LEVEL = "-Onone";
			};
			name = Debug;
		};
		FF3208DB27DFDD9500E6D0A2 /* Release */ = {
			isa = XCBuildConfiguration;
			buildSettings = {
				ALWAYS_SEARCH_USER_PATHS = NO;
				CLANG_ANALYZER_NONNULL = YES;
				CLANG_ANALYZER_NUMBER_OBJECT_CONVERSION = YES_AGGRESSIVE;
				CLANG_CXX_LANGUAGE_STANDARD = "gnu++17";
				CLANG_CXX_LIBRARY = "libc++";
				CLANG_ENABLE_MODULES = YES;
				CLANG_ENABLE_OBJC_ARC = YES;
				CLANG_ENABLE_OBJC_WEAK = YES;
				CLANG_WARN_BLOCK_CAPTURE_AUTORELEASING = YES;
				CLANG_WARN_BOOL_CONVERSION = YES;
				CLANG_WARN_COMMA = YES;
				CLANG_WARN_CONSTANT_CONVERSION = YES;
				CLANG_WARN_DEPRECATED_OBJC_IMPLEMENTATIONS = YES;
				CLANG_WARN_DIRECT_OBJC_ISA_USAGE = YES_ERROR;
				CLANG_WARN_DOCUMENTATION_COMMENTS = YES;
				CLANG_WARN_EMPTY_BODY = YES;
				CLANG_WARN_ENUM_CONVERSION = YES;
				CLANG_WARN_INFINITE_RECURSION = YES;
				CLANG_WARN_INT_CONVERSION = YES;
				CLANG_WARN_NON_LITERAL_NULL_CONVERSION = YES;
				CLANG_WARN_OBJC_IMPLICIT_RETAIN_SELF = YES;
				CLANG_WARN_OBJC_LITERAL_CONVERSION = YES;
				CLANG_WARN_OBJC_ROOT_CLASS = YES_ERROR;
				CLANG_WARN_QUOTED_INCLUDE_IN_FRAMEWORK_HEADER = YES;
				CLANG_WARN_RANGE_LOOP_ANALYSIS = YES;
				CLANG_WARN_STRICT_PROTOTYPES = YES;
				CLANG_WARN_SUSPICIOUS_MOVE = YES;
				CLANG_WARN_UNGUARDED_AVAILABILITY = YES_AGGRESSIVE;
				CLANG_WARN_UNREACHABLE_CODE = YES;
				CLANG_WARN__DUPLICATE_METHOD_MATCH = YES;
				COPY_PHASE_STRIP = NO;
				DEBUG_INFORMATION_FORMAT = "dwarf-with-dsym";
				ENABLE_NS_ASSERTIONS = NO;
				ENABLE_STRICT_OBJC_MSGSEND = YES;
				GCC_C_LANGUAGE_STANDARD = gnu11;
				GCC_NO_COMMON_BLOCKS = YES;
				GCC_WARN_64_TO_32_BIT_CONVERSION = YES;
				GCC_WARN_ABOUT_RETURN_TYPE = YES_ERROR;
				GCC_WARN_UNDECLARED_SELECTOR = YES;
				GCC_WARN_UNINITIALIZED_AUTOS = YES_AGGRESSIVE;
				GCC_WARN_UNUSED_FUNCTION = YES;
				GCC_WARN_UNUSED_VARIABLE = YES;
				IPHONEOS_DEPLOYMENT_TARGET = 15.2;
				MTL_ENABLE_DEBUG_INFO = NO;
				MTL_FAST_MATH = YES;
				SDKROOT = iphoneos;
				SWIFT_COMPILATION_MODE = wholemodule;
				SWIFT_OPTIMIZATION_LEVEL = "-O";
				VALIDATE_PRODUCT = YES;
			};
			name = Release;
		};
		FF3208DD27DFDD9500E6D0A2 /* Debug */ = {
			isa = XCBuildConfiguration;
			buildSettings = {
				ASSETCATALOG_COMPILER_APPICON_NAME = AppIcon;
				ASSETCATALOG_COMPILER_GLOBAL_ACCENT_COLOR_NAME = AccentColor;
				CODE_SIGN_STYLE = Automatic;
				CURRENT_PROJECT_VERSION = 1;
				DEVELOPMENT_TEAM = 57CN6FH4FY;
				GENERATE_INFOPLIST_FILE = YES;
				INFOPLIST_FILE = FilesBrowser/Configurations/Info.plist;
				INFOPLIST_KEY_CFBundleDisplayName = "Files Browser";
				INFOPLIST_KEY_UIApplicationSupportsIndirectInputEvents = YES;
				INFOPLIST_KEY_UILaunchStoryboardName = LaunchScreen;
				INFOPLIST_KEY_UISupportedInterfaceOrientations = "UIInterfaceOrientationPortrait UIInterfaceOrientationPortraitUpsideDown UIInterfaceOrientationLandscapeLeft UIInterfaceOrientationLandscapeRight";
				INFOPLIST_KEY_UISupportedInterfaceOrientations_iPad = "UIInterfaceOrientationPortrait UIInterfaceOrientationPortraitUpsideDown UIInterfaceOrientationLandscapeLeft UIInterfaceOrientationLandscapeRight";
				INFOPLIST_KEY_UISupportedInterfaceOrientations_iPhone = "UIInterfaceOrientationPortrait UIInterfaceOrientationLandscapeLeft UIInterfaceOrientationLandscapeRight";
				IPHONEOS_DEPLOYMENT_TARGET = 15.0;
				LD_RUNPATH_SEARCH_PATHS = (
					"$(inherited)",
					"@executable_path/Frameworks",
				);
				MARKETING_VERSION = 1.0;
				PRODUCT_BUNDLE_IDENTIFIER = com.shemy.FilesBrowser;
				PRODUCT_NAME = "$(TARGET_NAME)";
				SWIFT_EMIT_LOC_STRINGS = YES;
				SWIFT_VERSION = 5.0;
				TARGETED_DEVICE_FAMILY = "1,2";
			};
			name = Debug;
		};
		FF3208DE27DFDD9500E6D0A2 /* Release */ = {
			isa = XCBuildConfiguration;
			buildSettings = {
				ASSETCATALOG_COMPILER_APPICON_NAME = AppIcon;
				ASSETCATALOG_COMPILER_GLOBAL_ACCENT_COLOR_NAME = AccentColor;
				CODE_SIGN_STYLE = Automatic;
				CURRENT_PROJECT_VERSION = 1;
				DEVELOPMENT_TEAM = 57CN6FH4FY;
				GENERATE_INFOPLIST_FILE = YES;
				INFOPLIST_FILE = FilesBrowser/Configurations/Info.plist;
				INFOPLIST_KEY_CFBundleDisplayName = "Files Browser";
				INFOPLIST_KEY_UIApplicationSupportsIndirectInputEvents = YES;
				INFOPLIST_KEY_UILaunchStoryboardName = LaunchScreen;
				INFOPLIST_KEY_UISupportedInterfaceOrientations = "UIInterfaceOrientationPortrait UIInterfaceOrientationPortraitUpsideDown UIInterfaceOrientationLandscapeLeft UIInterfaceOrientationLandscapeRight";
				INFOPLIST_KEY_UISupportedInterfaceOrientations_iPad = "UIInterfaceOrientationPortrait UIInterfaceOrientationPortraitUpsideDown UIInterfaceOrientationLandscapeLeft UIInterfaceOrientationLandscapeRight";
				INFOPLIST_KEY_UISupportedInterfaceOrientations_iPhone = "UIInterfaceOrientationPortrait UIInterfaceOrientationLandscapeLeft UIInterfaceOrientationLandscapeRight";
				IPHONEOS_DEPLOYMENT_TARGET = 15.0;
				LD_RUNPATH_SEARCH_PATHS = (
					"$(inherited)",
					"@executable_path/Frameworks",
				);
				MARKETING_VERSION = 1.0;
				PRODUCT_BUNDLE_IDENTIFIER = com.shemy.FilesBrowser;
				PRODUCT_NAME = "$(TARGET_NAME)";
				SWIFT_EMIT_LOC_STRINGS = YES;
				SWIFT_VERSION = 5.0;
				TARGETED_DEVICE_FAMILY = "1,2";
			};
			name = Release;
		};
		FF3208E027DFDD9500E6D0A2 /* Debug */ = {
			isa = XCBuildConfiguration;
			buildSettings = {
				ALWAYS_EMBED_SWIFT_STANDARD_LIBRARIES = YES;
				BUNDLE_LOADER = "$(TEST_HOST)";
				CODE_SIGN_STYLE = Automatic;
				CURRENT_PROJECT_VERSION = 1;
				DEVELOPMENT_TEAM = 57CN6FH4FY;
				GENERATE_INFOPLIST_FILE = YES;
				IPHONEOS_DEPLOYMENT_TARGET = 15.2;
				MARKETING_VERSION = 1.0;
				PRODUCT_BUNDLE_IDENTIFIER = com.shemy.FilesBrowserTests;
				PRODUCT_NAME = "$(TARGET_NAME)";
				SWIFT_EMIT_LOC_STRINGS = NO;
				SWIFT_VERSION = 5.0;
				TARGETED_DEVICE_FAMILY = "1,2";
				TEST_HOST = "$(BUILT_PRODUCTS_DIR)/FilesBrowser.app/FilesBrowser";
			};
			name = Debug;
		};
		FF3208E127DFDD9500E6D0A2 /* Release */ = {
			isa = XCBuildConfiguration;
			buildSettings = {
				ALWAYS_EMBED_SWIFT_STANDARD_LIBRARIES = YES;
				BUNDLE_LOADER = "$(TEST_HOST)";
				CODE_SIGN_STYLE = Automatic;
				CURRENT_PROJECT_VERSION = 1;
				DEVELOPMENT_TEAM = 57CN6FH4FY;
				GENERATE_INFOPLIST_FILE = YES;
				IPHONEOS_DEPLOYMENT_TARGET = 15.2;
				MARKETING_VERSION = 1.0;
				PRODUCT_BUNDLE_IDENTIFIER = com.shemy.FilesBrowserTests;
				PRODUCT_NAME = "$(TARGET_NAME)";
				SWIFT_EMIT_LOC_STRINGS = NO;
				SWIFT_VERSION = 5.0;
				TARGETED_DEVICE_FAMILY = "1,2";
				TEST_HOST = "$(BUILT_PRODUCTS_DIR)/FilesBrowser.app/FilesBrowser";
			};
			name = Release;
		};
		FF3208E327DFDD9500E6D0A2 /* Debug */ = {
			isa = XCBuildConfiguration;
			buildSettings = {
				ALWAYS_EMBED_SWIFT_STANDARD_LIBRARIES = YES;
				CODE_SIGN_STYLE = Automatic;
				CURRENT_PROJECT_VERSION = 1;
				DEVELOPMENT_TEAM = 57CN6FH4FY;
				GENERATE_INFOPLIST_FILE = YES;
				MARKETING_VERSION = 1.0;
				PRODUCT_BUNDLE_IDENTIFIER = com.shemy.FilesBrowserUITests;
				PRODUCT_NAME = "$(TARGET_NAME)";
				SWIFT_EMIT_LOC_STRINGS = NO;
				SWIFT_VERSION = 5.0;
				TARGETED_DEVICE_FAMILY = "1,2";
				TEST_TARGET_NAME = FilesBrowser;
			};
			name = Debug;
		};
		FF3208E427DFDD9500E6D0A2 /* Release */ = {
			isa = XCBuildConfiguration;
			buildSettings = {
				ALWAYS_EMBED_SWIFT_STANDARD_LIBRARIES = YES;
				CODE_SIGN_STYLE = Automatic;
				CURRENT_PROJECT_VERSION = 1;
				DEVELOPMENT_TEAM = 57CN6FH4FY;
				GENERATE_INFOPLIST_FILE = YES;
				MARKETING_VERSION = 1.0;
				PRODUCT_BUNDLE_IDENTIFIER = com.shemy.FilesBrowserUITests;
				PRODUCT_NAME = "$(TARGET_NAME)";
				SWIFT_EMIT_LOC_STRINGS = NO;
				SWIFT_VERSION = 5.0;
				TARGETED_DEVICE_FAMILY = "1,2";
				TEST_TARGET_NAME = FilesBrowser;
			};
			name = Release;
		};
/* End XCBuildConfiguration section */

/* Begin XCConfigurationList section */
		FF3208AD27DFDD9300E6D0A2 /* Build configuration list for PBXProject "FilesBrowser" */ = {
			isa = XCConfigurationList;
			buildConfigurations = (
				FF3208DA27DFDD9500E6D0A2 /* Debug */,
				FF3208DB27DFDD9500E6D0A2 /* Release */,
			);
			defaultConfigurationIsVisible = 0;
			defaultConfigurationName = Release;
		};
		FF3208DC27DFDD9500E6D0A2 /* Build configuration list for PBXNativeTarget "FilesBrowser" */ = {
			isa = XCConfigurationList;
			buildConfigurations = (
				FF3208DD27DFDD9500E6D0A2 /* Debug */,
				FF3208DE27DFDD9500E6D0A2 /* Release */,
			);
			defaultConfigurationIsVisible = 0;
			defaultConfigurationName = Release;
		};
		FF3208DF27DFDD9500E6D0A2 /* Build configuration list for PBXNativeTarget "FilesBrowserTests" */ = {
			isa = XCConfigurationList;
			buildConfigurations = (
				FF3208E027DFDD9500E6D0A2 /* Debug */,
				FF3208E127DFDD9500E6D0A2 /* Release */,
			);
			defaultConfigurationIsVisible = 0;
			defaultConfigurationName = Release;
		};
		FF3208E227DFDD9500E6D0A2 /* Build configuration list for PBXNativeTarget "FilesBrowserUITests" */ = {
			isa = XCConfigurationList;
			buildConfigurations = (
				FF3208E327DFDD9500E6D0A2 /* Debug */,
				FF3208E427DFDD9500E6D0A2 /* Release */,
			);
			defaultConfigurationIsVisible = 0;
			defaultConfigurationName = Release;
		};
/* End XCConfigurationList section */
	};
	rootObject = FF3208AA27DFDD9300E6D0A2 /* Project object */;
}
